
Microsoft Visual Studio Solution File, Format Version 12.00
# Visual Studio 15
VisualStudioVersion = 15.0.28010.2046
MinimumVisualStudioVersion = 10.0.40219.1
Project("{FAE04EC0-301F-11D3-BF4B-00C04F79EFBC}") = "DebugDemo", "DebugDemo\DebugDemo.csproj", "{2E349E54-046E-438B-818C-88E52F483B81}"
EndProject
Project("{FAE04EC0-301F-11D3-BF4B-00C04F79EFBC}") = "VariabelDemo", "VariabelDemo\VariabelDemo.csproj", "{11ED6A49-640A-4294-BB14-E0C9E0B8DCF4}"
EndProject
Project("{FAE04EC0-301F-11D3-BF4B-00C04F79EFBC}") = "TaleOpgave", "TaleOpgave\TaleOpgave.csproj", "{5C40EF1F-5AC2-4B8A-BB33-3DE283508713}"
EndProject
Project("{FAE04EC0-301F-11D3-BF4B-00C04F79EFBC}") = "DateTimeOpgave", "DateTimeOpgave\DateTimeOpgave.csproj", "{EF6BC470-9B1D-4A48-92EB-D759BFB074AA}"
EndProject
Project("{FAE04EC0-301F-11D3-BF4B-00C04F79EFBC}") = "TextOpgave", "TextOpgave\TextOpgave.csproj", "{B026A0B0-2434-4715-A470-D022AA10C75E}"
EndProject
Project("{FAE04EC0-301F-11D3-BF4B-00C04F79EFBC}") = "StructEnumOpgave", "StructEnumOpgave\StructEnumOpgave.csproj", "{D6A99F9C-F886-4B41-BC7A-CEFD2EA9CA91}"
EndProject
Project("{FAE04EC0-301F-11D3-BF4B-00C04F79EFBC}") = "ForIfOpgave", "ForIfOpgave\ForIfOpgave.csproj", "{F887D007-E0AC-4E36-AA09-87F29886328B}"
EndProject
Project("{FAE04EC0-301F-11D3-BF4B-00C04F79EFBC}") = "BreakOpgave", "BreakOpgave\BreakOpgave.csproj", "{E7290BDA-2BD9-43B8-96FE-CC3990E549CE}"
EndProject
Project("{FAE04EC0-301F-11D3-BF4B-00C04F79EFBC}") = "NullAbleOpgave", "NullAbleOpgave\NullAbleOpgave.csproj", "{5D7C0E76-7166-428E-9BC1-840654011503}"
EndProject
Project("{FAE04EC0-301F-11D3-BF4B-00C04F79EFBC}") = "RekusivOpgave", "RekusivOpgave\RekusivOpgave.csproj", "{596E0EBE-98EB-4A4C-B11E-F43EB1A35333}"
EndProject
Project("{FAE04EC0-301F-11D3-BF4B-00C04F79EFBC}") = "RekusivOpgaveX", "RekusivOpgaveX\RekusivOpgaveX.csproj", "{2A2DE884-6624-4E3C-B0D1-BE08A538A67D}"
EndProject
Project("{FAE04EC0-301F-11D3-BF4B-00C04F79EFBC}") = "FejlSimpleOpgave", "FejlSimpleOpgave\FejlSimpleOpgave.csproj", "{21AC38D2-0D04-4350-8CA2-D5D92CE4F99A}"
EndProject
Project("{FAE04EC0-301F-11D3-BF4B-00C04F79EFBC}") = "EgenExceptOpgave", "EgenExceptOpgave\EgenExceptOpgave.csproj", "{6450DE10-D26E-45E1-92B7-A0D60AABFC5B}"
EndProject
Project("{FAE04EC0-301F-11D3-BF4B-00C04F79EFBC}") = "StructClassOpgave", "StructClassOpgave\StructClassOpgave.csproj", "{2323A122-5954-42F0-B0B8-BB05F364A18F}"
EndProject
Project("{FAE04EC0-301F-11D3-BF4B-00C04F79EFBC}") = "SimpleClassOpgave", "SimpleClassOpgave\SimpleClassOpgave.csproj", "{AA50AB90-1405-4372-A591-6C25888853FE}"
EndProject
Project("{FAE04EC0-301F-11D3-BF4B-00C04F79EFBC}") = "TegningOpgave", "TegningOpgave\TegningOpgave.csproj", "{7C9D1421-A31C-466C-A42D-50D9FD3F6CC5}"
EndProject
Project("{FAE04EC0-301F-11D3-BF4B-00C04F79EFBC}") = "SimpelEgenOpgave", "SimpelEgenOpgave\SimpelEgenOpgave.csproj", "{98E5D13D-0C31-4751-B9CA-025706F1D713}"
EndProject
Project("{FAE04EC0-301F-11D3-BF4B-00C04F79EFBC}") = "Terning2Opgave", "Terning2Opgave\Terning2Opgave.csproj", "{8C9292BD-AF84-4DD9-A911-A8E28EBC64DA}"
EndProject
Project("{FAE04EC0-301F-11D3-BF4B-00C04F79EFBC}") = "AutoEgenOpggave", "AutoEgenOpggave\AutoEgenOpggave.csproj", "{64F98E03-BA01-49B1-A768-C758432626CD}"
EndProject
Project("{FAE04EC0-301F-11D3-BF4B-00C04F79EFBC}") = "GetEgenOpgave", "GetEgenOpgave\GetEgenOpgave.csproj", "{BF0B1E4C-FA9C-46F0-847D-F4B41A1C642C}"
EndProject
Project("{FAE04EC0-301F-11D3-BF4B-00C04F79EFBC}") = "SimpelArrayOpg", "SimpelArrayOpg\SimpelArrayOpg.csproj", "{C2215596-8FD9-4D62-8D48-79260CE8B70E}"
EndProject
Project("{FAE04EC0-301F-11D3-BF4B-00C04F79EFBC}") = "ArraySplitOpgave", "ArraySplitOpgave\ArraySplitOpgave.csproj", "{79B7DB22-EF55-43B0-8BAF-7B5D2D2CE161}"
EndProject
Project("{FAE04EC0-301F-11D3-BF4B-00C04F79EFBC}") = "SimpleListOpg", "SimpleListOpg\SimpleListOpg.csproj", "{FAF4B1FB-0720-4637-AD74-FDBBFAB1F42C}"
EndProject
Project("{FAE04EC0-301F-11D3-BF4B-00C04F79EFBC}") = "SimpleArvOpgave", "SimpleArvOpgave\SimpleArvOpgave.csproj", "{1CB567CC-77C4-45FF-AA58-F5898005C872}"
EndProject
Project("{FAE04EC0-301F-11D3-BF4B-00C04F79EFBC}") = "UdvidRandomOpgave", "UdvidRandomOpgave\UdvidRandomOpgave.csproj", "{8B56CDB5-4401-4864-8FE5-07D67FCCB8BB}"
EndProject
Project("{FAE04EC0-301F-11D3-BF4B-00C04F79EFBC}") = "KortTest", "KortTest\KortTest.csproj", "{8098BAF9-1182-46DA-86B5-6539D0618E6C}"
EndProject
Project("{FAE04EC0-301F-11D3-BF4B-00C04F79EFBC}") = "TerningArvOpgave", "TerningArvOpgave\TerningArvOpgave.csproj", "{41D7CB66-B640-42FF-B317-6C7A9DD69CE2}"
EndProject
Project("{FAE04EC0-301F-11D3-BF4B-00C04F79EFBC}") = "CompareOpgave", "CompareOpgave\CompareOpgave.csproj", "{A1901E64-B509-46ED-A4EF-BED29F11B553}"
EndProject
Project("{FAE04EC0-301F-11D3-BF4B-00C04F79EFBC}") = "EgetInterface", "EgetInterface\EgetInterface.csproj", "{5D2A329E-1B8F-4324-ADDF-7F0141E42B44}"
EndProject
Project("{FAE04EC0-301F-11D3-BF4B-00C04F79EFBC}") = "AbstraktArvOpg", "AbstraktArvOpg\AbstraktArvOpg.csproj", "{9085F965-17BB-4A5A-B4AC-71F08F237C1E}"
EndProject
Global
	GlobalSection(SolutionConfigurationPlatforms) = preSolution
		Debug|Any CPU = Debug|Any CPU
		Release|Any CPU = Release|Any CPU
	EndGlobalSection
	GlobalSection(ProjectConfigurationPlatforms) = postSolution
		{2E349E54-046E-438B-818C-88E52F483B81}.Debug|Any CPU.ActiveCfg = Debug|Any CPU
		{2E349E54-046E-438B-818C-88E52F483B81}.Debug|Any CPU.Build.0 = Debug|Any CPU
		{2E349E54-046E-438B-818C-88E52F483B81}.Release|Any CPU.ActiveCfg = Release|Any CPU
		{2E349E54-046E-438B-818C-88E52F483B81}.Release|Any CPU.Build.0 = Release|Any CPU
		{11ED6A49-640A-4294-BB14-E0C9E0B8DCF4}.Debug|Any CPU.ActiveCfg = Debug|Any CPU
		{11ED6A49-640A-4294-BB14-E0C9E0B8DCF4}.Debug|Any CPU.Build.0 = Debug|Any CPU
		{11ED6A49-640A-4294-BB14-E0C9E0B8DCF4}.Release|Any CPU.ActiveCfg = Release|Any CPU
		{11ED6A49-640A-4294-BB14-E0C9E0B8DCF4}.Release|Any CPU.Build.0 = Release|Any CPU
		{5C40EF1F-5AC2-4B8A-BB33-3DE283508713}.Debug|Any CPU.ActiveCfg = Debug|Any CPU
		{5C40EF1F-5AC2-4B8A-BB33-3DE283508713}.Debug|Any CPU.Build.0 = Debug|Any CPU
		{5C40EF1F-5AC2-4B8A-BB33-3DE283508713}.Release|Any CPU.ActiveCfg = Release|Any CPU
		{5C40EF1F-5AC2-4B8A-BB33-3DE283508713}.Release|Any CPU.Build.0 = Release|Any CPU
		{EF6BC470-9B1D-4A48-92EB-D759BFB074AA}.Debug|Any CPU.ActiveCfg = Debug|Any CPU
		{EF6BC470-9B1D-4A48-92EB-D759BFB074AA}.Debug|Any CPU.Build.0 = Debug|Any CPU
		{EF6BC470-9B1D-4A48-92EB-D759BFB074AA}.Release|Any CPU.ActiveCfg = Release|Any CPU
		{EF6BC470-9B1D-4A48-92EB-D759BFB074AA}.Release|Any CPU.Build.0 = Release|Any CPU
		{B026A0B0-2434-4715-A470-D022AA10C75E}.Debug|Any CPU.ActiveCfg = Debug|Any CPU
		{B026A0B0-2434-4715-A470-D022AA10C75E}.Debug|Any CPU.Build.0 = Debug|Any CPU
		{B026A0B0-2434-4715-A470-D022AA10C75E}.Release|Any CPU.ActiveCfg = Release|Any CPU
		{B026A0B0-2434-4715-A470-D022AA10C75E}.Release|Any CPU.Build.0 = Release|Any CPU
		{D6A99F9C-F886-4B41-BC7A-CEFD2EA9CA91}.Debug|Any CPU.ActiveCfg = Debug|Any CPU
		{D6A99F9C-F886-4B41-BC7A-CEFD2EA9CA91}.Debug|Any CPU.Build.0 = Debug|Any CPU
		{D6A99F9C-F886-4B41-BC7A-CEFD2EA9CA91}.Release|Any CPU.ActiveCfg = Release|Any CPU
		{D6A99F9C-F886-4B41-BC7A-CEFD2EA9CA91}.Release|Any CPU.Build.0 = Release|Any CPU
		{F887D007-E0AC-4E36-AA09-87F29886328B}.Debug|Any CPU.ActiveCfg = Debug|Any CPU
		{F887D007-E0AC-4E36-AA09-87F29886328B}.Debug|Any CPU.Build.0 = Debug|Any CPU
		{F887D007-E0AC-4E36-AA09-87F29886328B}.Release|Any CPU.ActiveCfg = Release|Any CPU
		{F887D007-E0AC-4E36-AA09-87F29886328B}.Release|Any CPU.Build.0 = Release|Any CPU
		{E7290BDA-2BD9-43B8-96FE-CC3990E549CE}.Debug|Any CPU.ActiveCfg = Debug|Any CPU
		{E7290BDA-2BD9-43B8-96FE-CC3990E549CE}.Debug|Any CPU.Build.0 = Debug|Any CPU
		{E7290BDA-2BD9-43B8-96FE-CC3990E549CE}.Release|Any CPU.ActiveCfg = Release|Any CPU
		{E7290BDA-2BD9-43B8-96FE-CC3990E549CE}.Release|Any CPU.Build.0 = Release|Any CPU
		{5D7C0E76-7166-428E-9BC1-840654011503}.Debug|Any CPU.ActiveCfg = Debug|Any CPU
		{5D7C0E76-7166-428E-9BC1-840654011503}.Debug|Any CPU.Build.0 = Debug|Any CPU
		{5D7C0E76-7166-428E-9BC1-840654011503}.Release|Any CPU.ActiveCfg = Release|Any CPU
		{5D7C0E76-7166-428E-9BC1-840654011503}.Release|Any CPU.Build.0 = Release|Any CPU
		{596E0EBE-98EB-4A4C-B11E-F43EB1A35333}.Debug|Any CPU.ActiveCfg = Debug|Any CPU
		{596E0EBE-98EB-4A4C-B11E-F43EB1A35333}.Debug|Any CPU.Build.0 = Debug|Any CPU
		{596E0EBE-98EB-4A4C-B11E-F43EB1A35333}.Release|Any CPU.ActiveCfg = Release|Any CPU
		{596E0EBE-98EB-4A4C-B11E-F43EB1A35333}.Release|Any CPU.Build.0 = Release|Any CPU
		{2A2DE884-6624-4E3C-B0D1-BE08A538A67D}.Debug|Any CPU.ActiveCfg = Debug|Any CPU
		{2A2DE884-6624-4E3C-B0D1-BE08A538A67D}.Debug|Any CPU.Build.0 = Debug|Any CPU
		{2A2DE884-6624-4E3C-B0D1-BE08A538A67D}.Release|Any CPU.ActiveCfg = Release|Any CPU
		{2A2DE884-6624-4E3C-B0D1-BE08A538A67D}.Release|Any CPU.Build.0 = Release|Any CPU
		{21AC38D2-0D04-4350-8CA2-D5D92CE4F99A}.Debug|Any CPU.ActiveCfg = Debug|Any CPU
		{21AC38D2-0D04-4350-8CA2-D5D92CE4F99A}.Debug|Any CPU.Build.0 = Debug|Any CPU
		{21AC38D2-0D04-4350-8CA2-D5D92CE4F99A}.Release|Any CPU.ActiveCfg = Release|Any CPU
		{21AC38D2-0D04-4350-8CA2-D5D92CE4F99A}.Release|Any CPU.Build.0 = Release|Any CPU
		{6450DE10-D26E-45E1-92B7-A0D60AABFC5B}.Debug|Any CPU.ActiveCfg = Debug|Any CPU
		{6450DE10-D26E-45E1-92B7-A0D60AABFC5B}.Debug|Any CPU.Build.0 = Debug|Any CPU
		{6450DE10-D26E-45E1-92B7-A0D60AABFC5B}.Release|Any CPU.ActiveCfg = Release|Any CPU
		{6450DE10-D26E-45E1-92B7-A0D60AABFC5B}.Release|Any CPU.Build.0 = Release|Any CPU
		{2323A122-5954-42F0-B0B8-BB05F364A18F}.Debug|Any CPU.ActiveCfg = Debug|Any CPU
		{2323A122-5954-42F0-B0B8-BB05F364A18F}.Debug|Any CPU.Build.0 = Debug|Any CPU
		{2323A122-5954-42F0-B0B8-BB05F364A18F}.Release|Any CPU.ActiveCfg = Release|Any CPU
		{2323A122-5954-42F0-B0B8-BB05F364A18F}.Release|Any CPU.Build.0 = Release|Any CPU
		{AA50AB90-1405-4372-A591-6C25888853FE}.Debug|Any CPU.ActiveCfg = Debug|Any CPU
		{AA50AB90-1405-4372-A591-6C25888853FE}.Debug|Any CPU.Build.0 = Debug|Any CPU
		{AA50AB90-1405-4372-A591-6C25888853FE}.Release|Any CPU.ActiveCfg = Release|Any CPU
		{AA50AB90-1405-4372-A591-6C25888853FE}.Release|Any CPU.Build.0 = Release|Any CPU
		{7C9D1421-A31C-466C-A42D-50D9FD3F6CC5}.Debug|Any CPU.ActiveCfg = Debug|Any CPU
		{7C9D1421-A31C-466C-A42D-50D9FD3F6CC5}.Debug|Any CPU.Build.0 = Debug|Any CPU
		{7C9D1421-A31C-466C-A42D-50D9FD3F6CC5}.Release|Any CPU.ActiveCfg = Release|Any CPU
		{7C9D1421-A31C-466C-A42D-50D9FD3F6CC5}.Release|Any CPU.Build.0 = Release|Any CPU
		{98E5D13D-0C31-4751-B9CA-025706F1D713}.Debug|Any CPU.ActiveCfg = Debug|Any CPU
		{98E5D13D-0C31-4751-B9CA-025706F1D713}.Debug|Any CPU.Build.0 = Debug|Any CPU
		{98E5D13D-0C31-4751-B9CA-025706F1D713}.Release|Any CPU.ActiveCfg = Release|Any CPU
		{98E5D13D-0C31-4751-B9CA-025706F1D713}.Release|Any CPU.Build.0 = Release|Any CPU
		{8C9292BD-AF84-4DD9-A911-A8E28EBC64DA}.Debug|Any CPU.ActiveCfg = Debug|Any CPU
		{8C9292BD-AF84-4DD9-A911-A8E28EBC64DA}.Debug|Any CPU.Build.0 = Debug|Any CPU
		{8C9292BD-AF84-4DD9-A911-A8E28EBC64DA}.Release|Any CPU.ActiveCfg = Release|Any CPU
		{8C9292BD-AF84-4DD9-A911-A8E28EBC64DA}.Release|Any CPU.Build.0 = Release|Any CPU
		{64F98E03-BA01-49B1-A768-C758432626CD}.Debug|Any CPU.ActiveCfg = Debug|Any CPU
		{64F98E03-BA01-49B1-A768-C758432626CD}.Debug|Any CPU.Build.0 = Debug|Any CPU
		{64F98E03-BA01-49B1-A768-C758432626CD}.Release|Any CPU.ActiveCfg = Release|Any CPU
		{64F98E03-BA01-49B1-A768-C758432626CD}.Release|Any CPU.Build.0 = Release|Any CPU
		{BF0B1E4C-FA9C-46F0-847D-F4B41A1C642C}.Debug|Any CPU.ActiveCfg = Debug|Any CPU
		{BF0B1E4C-FA9C-46F0-847D-F4B41A1C642C}.Debug|Any CPU.Build.0 = Debug|Any CPU
		{BF0B1E4C-FA9C-46F0-847D-F4B41A1C642C}.Release|Any CPU.ActiveCfg = Release|Any CPU
		{BF0B1E4C-FA9C-46F0-847D-F4B41A1C642C}.Release|Any CPU.Build.0 = Release|Any CPU
		{C2215596-8FD9-4D62-8D48-79260CE8B70E}.Debug|Any CPU.ActiveCfg = Debug|Any CPU
		{C2215596-8FD9-4D62-8D48-79260CE8B70E}.Debug|Any CPU.Build.0 = Debug|Any CPU
		{C2215596-8FD9-4D62-8D48-79260CE8B70E}.Release|Any CPU.ActiveCfg = Release|Any CPU
		{C2215596-8FD9-4D62-8D48-79260CE8B70E}.Release|Any CPU.Build.0 = Release|Any CPU
		{79B7DB22-EF55-43B0-8BAF-7B5D2D2CE161}.Debug|Any CPU.ActiveCfg = Debug|Any CPU
		{79B7DB22-EF55-43B0-8BAF-7B5D2D2CE161}.Debug|Any CPU.Build.0 = Debug|Any CPU
		{79B7DB22-EF55-43B0-8BAF-7B5D2D2CE161}.Release|Any CPU.ActiveCfg = Release|Any CPU
		{79B7DB22-EF55-43B0-8BAF-7B5D2D2CE161}.Release|Any CPU.Build.0 = Release|Any CPU
		{FAF4B1FB-0720-4637-AD74-FDBBFAB1F42C}.Debug|Any CPU.ActiveCfg = Debug|Any CPU
		{FAF4B1FB-0720-4637-AD74-FDBBFAB1F42C}.Debug|Any CPU.Build.0 = Debug|Any CPU
		{FAF4B1FB-0720-4637-AD74-FDBBFAB1F42C}.Release|Any CPU.ActiveCfg = Release|Any CPU
		{FAF4B1FB-0720-4637-AD74-FDBBFAB1F42C}.Release|Any CPU.Build.0 = Release|Any CPU
		{1CB567CC-77C4-45FF-AA58-F5898005C872}.Debug|Any CPU.ActiveCfg = Debug|Any CPU
		{1CB567CC-77C4-45FF-AA58-F5898005C872}.Debug|Any CPU.Build.0 = Debug|Any CPU
		{1CB567CC-77C4-45FF-AA58-F5898005C872}.Release|Any CPU.ActiveCfg = Release|Any CPU
		{1CB567CC-77C4-45FF-AA58-F5898005C872}.Release|Any CPU.Build.0 = Release|Any CPU
		{8B56CDB5-4401-4864-8FE5-07D67FCCB8BB}.Debug|Any CPU.ActiveCfg = Debug|Any CPU
		{8B56CDB5-4401-4864-8FE5-07D67FCCB8BB}.Debug|Any CPU.Build.0 = Debug|Any CPU
		{8B56CDB5-4401-4864-8FE5-07D67FCCB8BB}.Release|Any CPU.ActiveCfg = Release|Any CPU
		{8B56CDB5-4401-4864-8FE5-07D67FCCB8BB}.Release|Any CPU.Build.0 = Release|Any CPU
		{8098BAF9-1182-46DA-86B5-6539D0618E6C}.Debug|Any CPU.ActiveCfg = Debug|Any CPU
		{8098BAF9-1182-46DA-86B5-6539D0618E6C}.Debug|Any CPU.Build.0 = Debug|Any CPU
		{8098BAF9-1182-46DA-86B5-6539D0618E6C}.Release|Any CPU.ActiveCfg = Release|Any CPU
		{8098BAF9-1182-46DA-86B5-6539D0618E6C}.Release|Any CPU.Build.0 = Release|Any CPU
		{41D7CB66-B640-42FF-B317-6C7A9DD69CE2}.Debug|Any CPU.ActiveCfg = Debug|Any CPU
		{41D7CB66-B640-42FF-B317-6C7A9DD69CE2}.Debug|Any CPU.Build.0 = Debug|Any CPU
		{41D7CB66-B640-42FF-B317-6C7A9DD69CE2}.Release|Any CPU.ActiveCfg = Release|Any CPU
		{41D7CB66-B640-42FF-B317-6C7A9DD69CE2}.Release|Any CPU.Build.0 = Release|Any CPU
		{A1901E64-B509-46ED-A4EF-BED29F11B553}.Debug|Any CPU.ActiveCfg = Debug|Any CPU
		{A1901E64-B509-46ED-A4EF-BED29F11B553}.Debug|Any CPU.Build.0 = Debug|Any CPU
		{A1901E64-B509-46ED-A4EF-BED29F11B553}.Release|Any CPU.ActiveCfg = Release|Any CPU
		{A1901E64-B509-46ED-A4EF-BED29F11B553}.Release|Any CPU.Build.0 = Release|Any CPU
		{5D2A329E-1B8F-4324-ADDF-7F0141E42B44}.Debug|Any CPU.ActiveCfg = Debug|Any CPU
		{5D2A329E-1B8F-4324-ADDF-7F0141E42B44}.Debug|Any CPU.Build.0 = Debug|Any CPU
		{5D2A329E-1B8F-4324-ADDF-7F0141E42B44}.Release|Any CPU.ActiveCfg = Release|Any CPU
		{5D2A329E-1B8F-4324-ADDF-7F0141E42B44}.Release|Any CPU.Build.0 = Release|Any CPU
		{9085F965-17BB-4A5A-B4AC-71F08F237C1E}.Debug|Any CPU.ActiveCfg = Debug|Any CPU
		{9085F965-17BB-4A5A-B4AC-71F08F237C1E}.Debug|Any CPU.Build.0 = Debug|Any CPU
		{9085F965-17BB-4A5A-B4AC-71F08F237C1E}.Release|Any CPU.ActiveCfg = Release|Any CPU
		{9085F965-17BB-4A5A-B4AC-71F08F237C1E}.Release|Any CPU.Build.0 = Release|Any CPU
	EndGlobalSection
	GlobalSection(SolutionProperties) = preSolution
		HideSolutionNode = FALSE
	EndGlobalSection
	GlobalSection(ExtensibilityGlobals) = postSolution
		SolutionGuid = {34FC3C4D-140C-46E9-A91D-7904586A5136}
	EndGlobalSection
EndGlobal
