
Microsoft Visual Studio Solution File, Format Version 12.00
# Visual Studio 15
VisualStudioVersion = 15.0.28010.2046
MinimumVisualStudioVersion = 10.0.40219.1
Project("{FAE04EC0-301F-11D3-BF4B-00C04F79EFBC}") = "DebugDemo", "DebugDemo\DebugDemo.csproj", "{2E349E54-046E-438B-818C-88E52F483B81}"
EndProject
Project("{FAE04EC0-301F-11D3-BF4B-00C04F79EFBC}") = "VariabelDemo", "VariabelDemo\VariabelDemo.csproj", "{11ED6A49-640A-4294-BB14-E0C9E0B8DCF4}"
EndProject
Project("{FAE04EC0-301F-11D3-BF4B-00C04F79EFBC}") = "TaleOpgave", "TaleOpgave\TaleOpgave.csproj", "{5C40EF1F-5AC2-4B8A-BB33-3DE283508713}"
EndProject
Project("{FAE04EC0-301F-11D3-BF4B-00C04F79EFBC}") = "DateTimeOpgave", "DateTimeOpgave\DateTimeOpgave.csproj", "{EF6BC470-9B1D-4A48-92EB-D759BFB074AA}"
EndProject
Project("{FAE04EC0-301F-11D3-BF4B-00C04F79EFBC}") = "TextOpgave", "TextOpgave\TextOpgave.csproj", "{B026A0B0-2434-4715-A470-D022AA10C75E}"
EndProject
Project("{FAE04EC0-301F-11D3-BF4B-00C04F79EFBC}") = "StructEnumOpgave", "StructEnumOpgave\StructEnumOpgave.csproj", "{D6A99F9C-F886-4B41-BC7A-CEFD2EA9CA91}"
EndProject
Project("{FAE04EC0-301F-11D3-BF4B-00C04F79EFBC}") = "ForIfOpgave", "ForIfOpgave\ForIfOpgave.csproj", "{F887D007-E0AC-4E36-AA09-87F29886328B}"
EndProject
Project("{FAE04EC0-301F-11D3-BF4B-00C04F79EFBC}") = "BreakOpgave", "BreakOpgave\BreakOpgave.csproj", "{E7290BDA-2BD9-43B8-96FE-CC3990E549CE}"
EndProject
Global
	GlobalSection(SolutionConfigurationPlatforms) = preSolution
		Debug|Any CPU = Debug|Any CPU
		Release|Any CPU = Release|Any CPU
	EndGlobalSection
	GlobalSection(ProjectConfigurationPlatforms) = postSolution
		{2E349E54-046E-438B-818C-88E52F483B81}.Debug|Any CPU.ActiveCfg = Debug|Any CPU
		{2E349E54-046E-438B-818C-88E52F483B81}.Debug|Any CPU.Build.0 = Debug|Any CPU
		{2E349E54-046E-438B-818C-88E52F483B81}.Release|Any CPU.ActiveCfg = Release|Any CPU
		{2E349E54-046E-438B-818C-88E52F483B81}.Release|Any CPU.Build.0 = Release|Any CPU
		{11ED6A49-640A-4294-BB14-E0C9E0B8DCF4}.Debug|Any CPU.ActiveCfg = Debug|Any CPU
		{11ED6A49-640A-4294-BB14-E0C9E0B8DCF4}.Debug|Any CPU.Build.0 = Debug|Any CPU
		{11ED6A49-640A-4294-BB14-E0C9E0B8DCF4}.Release|Any CPU.ActiveCfg = Release|Any CPU
		{11ED6A49-640A-4294-BB14-E0C9E0B8DCF4}.Release|Any CPU.Build.0 = Release|Any CPU
		{5C40EF1F-5AC2-4B8A-BB33-3DE283508713}.Debug|Any CPU.ActiveCfg = Debug|Any CPU
		{5C40EF1F-5AC2-4B8A-BB33-3DE283508713}.Debug|Any CPU.Build.0 = Debug|Any CPU
		{5C40EF1F-5AC2-4B8A-BB33-3DE283508713}.Release|Any CPU.ActiveCfg = Release|Any CPU
		{5C40EF1F-5AC2-4B8A-BB33-3DE283508713}.Release|Any CPU.Build.0 = Release|Any CPU
		{EF6BC470-9B1D-4A48-92EB-D759BFB074AA}.Debug|Any CPU.ActiveCfg = Debug|Any CPU
		{EF6BC470-9B1D-4A48-92EB-D759BFB074AA}.Debug|Any CPU.Build.0 = Debug|Any CPU
		{EF6BC470-9B1D-4A48-92EB-D759BFB074AA}.Release|Any CPU.ActiveCfg = Release|Any CPU
		{EF6BC470-9B1D-4A48-92EB-D759BFB074AA}.Release|Any CPU.Build.0 = Release|Any CPU
		{B026A0B0-2434-4715-A470-D022AA10C75E}.Debug|Any CPU.ActiveCfg = Debug|Any CPU
		{B026A0B0-2434-4715-A470-D022AA10C75E}.Debug|Any CPU.Build.0 = Debug|Any CPU
		{B026A0B0-2434-4715-A470-D022AA10C75E}.Release|Any CPU.ActiveCfg = Release|Any CPU
		{B026A0B0-2434-4715-A470-D022AA10C75E}.Release|Any CPU.Build.0 = Release|Any CPU
		{D6A99F9C-F886-4B41-BC7A-CEFD2EA9CA91}.Debug|Any CPU.ActiveCfg = Debug|Any CPU
		{D6A99F9C-F886-4B41-BC7A-CEFD2EA9CA91}.Debug|Any CPU.Build.0 = Debug|Any CPU
		{D6A99F9C-F886-4B41-BC7A-CEFD2EA9CA91}.Release|Any CPU.ActiveCfg = Release|Any CPU
		{D6A99F9C-F886-4B41-BC7A-CEFD2EA9CA91}.Release|Any CPU.Build.0 = Release|Any CPU
		{F887D007-E0AC-4E36-AA09-87F29886328B}.Debug|Any CPU.ActiveCfg = Debug|Any CPU
		{F887D007-E0AC-4E36-AA09-87F29886328B}.Debug|Any CPU.Build.0 = Debug|Any CPU
		{F887D007-E0AC-4E36-AA09-87F29886328B}.Release|Any CPU.ActiveCfg = Release|Any CPU
		{F887D007-E0AC-4E36-AA09-87F29886328B}.Release|Any CPU.Build.0 = Release|Any CPU
		{E7290BDA-2BD9-43B8-96FE-CC3990E549CE}.Debug|Any CPU.ActiveCfg = Debug|Any CPU
		{E7290BDA-2BD9-43B8-96FE-CC3990E549CE}.Debug|Any CPU.Build.0 = Debug|Any CPU
		{E7290BDA-2BD9-43B8-96FE-CC3990E549CE}.Release|Any CPU.ActiveCfg = Release|Any CPU
		{E7290BDA-2BD9-43B8-96FE-CC3990E549CE}.Release|Any CPU.Build.0 = Release|Any CPU
	EndGlobalSection
	GlobalSection(SolutionProperties) = preSolution
		HideSolutionNode = FALSE
	EndGlobalSection
	GlobalSection(ExtensibilityGlobals) = postSolution
		SolutionGuid = {34FC3C4D-140C-46E9-A91D-7904586A5136}
	EndGlobalSection
EndGlobal
